
Microsoft Visual Studio Solution File, Format Version 12.00
# Visual Studio Version 17
VisualStudioVersion = 17.14.36414.22
MinimumVisualStudioVersion = 10.0.40219.1
Project("{2150E333-8FDC-42A3-9474-1A3956D46DE8}") = "src", "src", "{02EA681E-C7D8-13C7-8484-4AC65E1B71E8}"
EndProject
Project("{2150E333-8FDC-42A3-9474-1A3956D46DE8}") = "tests", "tests", "{ADDA0BFD-2EE8-4D97-ABAF-92697FE7B984}"
EndProject
Project("{FAE04EC0-301F-11D3-BF4B-00C04F79EFBC}") = "eRaven.Tests", "test\eRaven.Tests\eRaven.Tests.csproj", "{E880356D-7B53-449F-A058-5A9E37D788D9}"
EndProject
Project("{FAE04EC0-301F-11D3-BF4B-00C04F79EFBC}") = "eRaven", "src\eRaven\eRaven.csproj", "{8AFDE66E-3C3B-D797-5B36-316048B946F5}"
EndProject
Project("{E53339B2-1760-4266-BCC7-CA923CBCF16C}") = "docker-compose", "docker-compose.dcproj", "{81DDED9D-158B-E303-5F62-77A2896D2A5A}"
EndProject
Global
	GlobalSection(SolutionConfigurationPlatforms) = preSolution
		Debug|Any CPU = Debug|Any CPU
		Release|Any CPU = Release|Any CPU
	EndGlobalSection
	GlobalSection(ProjectConfigurationPlatforms) = postSolution
		{E880356D-7B53-449F-A058-5A9E37D788D9}.Debug|Any CPU.ActiveCfg = Debug|Any CPU
		{E880356D-7B53-449F-A058-5A9E37D788D9}.Debug|Any CPU.Build.0 = Debug|Any CPU
		{E880356D-7B53-449F-A058-5A9E37D788D9}.Release|Any CPU.ActiveCfg = Release|Any CPU
		{E880356D-7B53-449F-A058-5A9E37D788D9}.Release|Any CPU.Build.0 = Release|Any CPU
		{8AFDE66E-3C3B-D797-5B36-316048B946F5}.Debug|Any CPU.ActiveCfg = Debug|Any CPU
		{8AFDE66E-3C3B-D797-5B36-316048B946F5}.Debug|Any CPU.Build.0 = Debug|Any CPU
		{8AFDE66E-3C3B-D797-5B36-316048B946F5}.Release|Any CPU.ActiveCfg = Release|Any CPU
		{8AFDE66E-3C3B-D797-5B36-316048B946F5}.Release|Any CPU.Build.0 = Release|Any CPU
		{81DDED9D-158B-E303-5F62-77A2896D2A5A}.Debug|Any CPU.ActiveCfg = Debug|Any CPU
		{81DDED9D-158B-E303-5F62-77A2896D2A5A}.Debug|Any CPU.Build.0 = Debug|Any CPU
		{81DDED9D-158B-E303-5F62-77A2896D2A5A}.Release|Any CPU.ActiveCfg = Release|Any CPU
		{81DDED9D-158B-E303-5F62-77A2896D2A5A}.Release|Any CPU.Build.0 = Release|Any CPU
	EndGlobalSection
	GlobalSection(SolutionProperties) = preSolution
		HideSolutionNode = FALSE
	EndGlobalSection
	GlobalSection(NestedProjects) = preSolution
		{E880356D-7B53-449F-A058-5A9E37D788D9} = {ADDA0BFD-2EE8-4D97-ABAF-92697FE7B984}
		{8AFDE66E-3C3B-D797-5B36-316048B946F5} = {02EA681E-C7D8-13C7-8484-4AC65E1B71E8}
	EndGlobalSection
	GlobalSection(ExtensibilityGlobals) = postSolution
		SolutionGuid = {E54B1DF7-E530-460D-8059-E3435D781153}
	EndGlobalSection
EndGlobal
